lockfileVersion: 5.4

specifiers:
  react-router-dom: ^6.10.0

dependencies:
  react-router-dom: 6.10.0

packages:

  /@remix-run/router/1.5.0:
    resolution: {integrity: sha512-bkUDCp8o1MvFO+qxkODcbhSqRa6P2GXgrGZVpt0dCXNW2HCSCqYI0ZoAqEOSAjRWmmlKcYgFvN4B4S+zo/f8kg==}
    engines: {node: '>=14'}
    dev: false

  /react-router-dom/6.10.0:
    resolution: {integrity: sha512-E5dfxRPuXKJqzwSe/qGcqdwa18QiWC6f3H3cWXM24qj4N0/beCIf/CWTipop2xm7mR0RCS99NnaqPNjHtrAzCg==}
    engines: {node: '>=14'}
    peerDependencies:
      react: '>=16.8'
      react-dom: '>=16.8'
    dependencies:
      '@remix-run/router': 1.5.0
      react-router: 6.10.0
    dev: false

  /react-router/6.10.0:
    resolution: {integrity: sha512-Nrg0BWpQqrC3ZFFkyewrflCud9dio9ME3ojHCF/WLsprJVzkq3q3UeEhMCAW1dobjeGbWgjNn/PVF6m46ANxXQ==}
    engines: {node: '>=14'}
    peerDependencies:
      react: '>=16.8'
    dependencies:
      '@remix-run/router': 1.5.0
    dev: false
